
Microsoft Visual Studio Solution File, Format Version 12.00
# Visual Studio Version 17
VisualStudioVersion = 17.14.36429.23 d17.14
MinimumVisualStudioVersion = 10.0.40219.1
Project("{8BC9CEB8-8B4A-11D0-8D11-00A0C91BC942}") = "L20251020_01", "L20251020_01.vcxproj", "{65DF60F5-F23F-4044-8523-8309F3E4889E}"
EndProject
Global
	GlobalSection(SolutionConfigurationPlatforms) = preSolution
		Debug|x64 = Debug|x64
		Debug|x86 = Debug|x86
		Release|x64 = Release|x64
		Release|x86 = Release|x86
	EndGlobalSection
	GlobalSection(ProjectConfigurationPlatforms) = postSolution
		{65DF60F5-F23F-4044-8523-8309F3E4889E}.Debug|x64.ActiveCfg = Debug|x64
		{65DF60F5-F23F-4044-8523-8309F3E4889E}.Debug|x64.Build.0 = Debug|x64
		{65DF60F5-F23F-4044-8523-8309F3E4889E}.Debug|x86.ActiveCfg = Debug|Win32
		{65DF60F5-F23F-4044-8523-8309F3E4889E}.Debug|x86.Build.0 = Debug|Win32
		{65DF60F5-F23F-4044-8523-8309F3E4889E}.Release|x64.ActiveCfg = Release|x64
		{65DF60F5-F23F-4044-8523-8309F3E4889E}.Release|x64.Build.0 = Release|x64
		{65DF60F5-F23F-4044-8523-8309F3E4889E}.Release|x86.ActiveCfg = Release|Win32
		{65DF60F5-F23F-4044-8523-8309F3E4889E}.Release|x86.Build.0 = Release|Win32
	EndGlobalSection
	GlobalSection(SolutionProperties) = preSolution
		HideSolutionNode = FALSE
	EndGlobalSection
	GlobalSection(ExtensibilityGlobals) = postSolution
		SolutionGuid = {74D0C97E-6A5D-43C3-82C3-C36B34F10130}
	EndGlobalSection
EndGlobal
